
Microsoft Visual Studio Solution File, Format Version 12.00
# Visual Studio Version 17
VisualStudioVersion = 17.2.32526.322
MinimumVisualStudioVersion = 10.0.40219.1
Project("{FAE04EC0-301F-11D3-BF4B-00C04F79EFBC}") = "bestillingsformularForBiludlejningsfirmaH3", "bestillingsformularForBiludlejningsfirmaH3\bestillingsformularForBiludlejningsfirmaH3.csproj", "{E281B854-E364-489E-9474-C2B3EA3128D4}"
EndProject
Global
	GlobalSection(SolutionConfigurationPlatforms) = preSolution
		Debug|Any CPU = Debug|Any CPU
		Release|Any CPU = Release|Any CPU
	EndGlobalSection
	GlobalSection(ProjectConfigurationPlatforms) = postSolution
		{E281B854-E364-489E-9474-C2B3EA3128D4}.Debug|Any CPU.ActiveCfg = Debug|Any CPU
		{E281B854-E364-489E-9474-C2B3EA3128D4}.Debug|Any CPU.Build.0 = Debug|Any CPU
		{E281B854-E364-489E-9474-C2B3EA3128D4}.Release|Any CPU.ActiveCfg = Release|Any CPU
		{E281B854-E364-489E-9474-C2B3EA3128D4}.Release|Any CPU.Build.0 = Release|Any CPU
	EndGlobalSection
	GlobalSection(SolutionProperties) = preSolution
		HideSolutionNode = FALSE
	EndGlobalSection
	GlobalSection(ExtensibilityGlobals) = postSolution
		SolutionGuid = {E1EFA53A-7747-4CD3-BE1C-C1A53B81570D}
	EndGlobalSection
EndGlobal
